
Microsoft Visual Studio Solution File, Format Version 12.00
# Visual Studio Version 17
VisualStudioVersion = 17.10.34902.84
MinimumVisualStudioVersion = 10.0.40219.1
Project("{9A19103F-16F7-4668-BE54-9A1E7A4F7556}") = "Bootcamp.API", "Bootcamp.API\Bootcamp.API.csproj", "{5EAD918B-62D1-4620-8327-685F79632533}"
EndProject
Project("{9A19103F-16F7-4668-BE54-9A1E7A4F7556}") = "Bootcamp.Domain", "Bootcamp.Domain\Bootcamp.Domain.csproj", "{E35FBAC0-470B-4DE5-8B28-09043A9AEC81}"
EndProject
Project("{9A19103F-16F7-4668-BE54-9A1E7A4F7556}") = "Bootcamp.Service", "Bootcamp.Service\Bootcamp.Service.csproj", "{EEA6895A-E95E-49FE-9634-2490EC4B8C11}"
EndProject
Project("{9A19103F-16F7-4668-BE54-9A1E7A4F7556}") = "Bootcamp.Repository", "Bootcamp.Repository\Bootcamp.Repository.csproj", "{0845E9E8-8E53-4399-9653-7A672DC1888A}"
EndProject
Project("{FAE04EC0-301F-11D3-BF4B-00C04F79EFBC}") = "Bootcamp.SeriLog", "Bootcamp.SeriLog\Bootcamp.SeriLog.csproj", "{65F35A58-C86F-445E-8DC6-59044F06D1A6}"
EndProject
Global
	GlobalSection(SolutionConfigurationPlatforms) = preSolution
		Debug|Any CPU = Debug|Any CPU
		Release|Any CPU = Release|Any CPU
	EndGlobalSection
	GlobalSection(ProjectConfigurationPlatforms) = postSolution
		{5EAD918B-62D1-4620-8327-685F79632533}.Debug|Any CPU.ActiveCfg = Debug|Any CPU
		{5EAD918B-62D1-4620-8327-685F79632533}.Debug|Any CPU.Build.0 = Debug|Any CPU
		{5EAD918B-62D1-4620-8327-685F79632533}.Release|Any CPU.ActiveCfg = Release|Any CPU
		{5EAD918B-62D1-4620-8327-685F79632533}.Release|Any CPU.Build.0 = Release|Any CPU
		{E35FBAC0-470B-4DE5-8B28-09043A9AEC81}.Debug|Any CPU.ActiveCfg = Debug|Any CPU
		{E35FBAC0-470B-4DE5-8B28-09043A9AEC81}.Debug|Any CPU.Build.0 = Debug|Any CPU
		{E35FBAC0-470B-4DE5-8B28-09043A9AEC81}.Release|Any CPU.ActiveCfg = Release|Any CPU
		{E35FBAC0-470B-4DE5-8B28-09043A9AEC81}.Release|Any CPU.Build.0 = Release|Any CPU
		{EEA6895A-E95E-49FE-9634-2490EC4B8C11}.Debug|Any CPU.ActiveCfg = Debug|Any CPU
		{EEA6895A-E95E-49FE-9634-2490EC4B8C11}.Debug|Any CPU.Build.0 = Debug|Any CPU
		{EEA6895A-E95E-49FE-9634-2490EC4B8C11}.Release|Any CPU.ActiveCfg = Release|Any CPU
		{EEA6895A-E95E-49FE-9634-2490EC4B8C11}.Release|Any CPU.Build.0 = Release|Any CPU
		{0845E9E8-8E53-4399-9653-7A672DC1888A}.Debug|Any CPU.ActiveCfg = Debug|Any CPU
		{0845E9E8-8E53-4399-9653-7A672DC1888A}.Debug|Any CPU.Build.0 = Debug|Any CPU
		{0845E9E8-8E53-4399-9653-7A672DC1888A}.Release|Any CPU.ActiveCfg = Release|Any CPU
		{0845E9E8-8E53-4399-9653-7A672DC1888A}.Release|Any CPU.Build.0 = Release|Any CPU
		{65F35A58-C86F-445E-8DC6-59044F06D1A6}.Debug|Any CPU.ActiveCfg = Debug|Any CPU
		{65F35A58-C86F-445E-8DC6-59044F06D1A6}.Debug|Any CPU.Build.0 = Debug|Any CPU
		{65F35A58-C86F-445E-8DC6-59044F06D1A6}.Release|Any CPU.ActiveCfg = Release|Any CPU
		{65F35A58-C86F-445E-8DC6-59044F06D1A6}.Release|Any CPU.Build.0 = Release|Any CPU
	EndGlobalSection
	GlobalSection(SolutionProperties) = preSolution
		HideSolutionNode = FALSE
	EndGlobalSection
	GlobalSection(ExtensibilityGlobals) = postSolution
		SolutionGuid = {D41791DD-9337-4C4F-8018-FB9B1DE9CCE2}
	EndGlobalSection
EndGlobal
